// !$*UTF8*$!
{
	archiveVersion = 1;
	classes = {
	};
	objectVersion = 48;
	objects = {

/* Begin PBXBuildFile section */
		379F76E5CB188E8CD8A8371C /* Pods_eatin.framework in Frameworks */ = {isa = PBXBuildFile; fileRef = 686F2035FEAEED40B82E2812 /* Pods_eatin.framework */; };
		4224EC1C1F9F9801003B5F11 /* ChefMenuController.swift in Sources */ = {isa = PBXBuildFile; fileRef = 4224EC1B1F9F9801003B5F11 /* ChefMenuController.swift */; };
		4224EC1E1F9FE2FF003B5F11 /* AddMenuItemController.swift in Sources */ = {isa = PBXBuildFile; fileRef = 4224EC1D1F9FE2FF003B5F11 /* AddMenuItemController.swift */; };
		4243FC3E1F9983A700298BC4 /* UserProfileController.swift in Sources */ = {isa = PBXBuildFile; fileRef = 4243FC3D1F9983A700298BC4 /* UserProfileController.swift */; };
		4243FC401F998A2D00298BC4 /* NotificationsController.swift in Sources */ = {isa = PBXBuildFile; fileRef = 4243FC3F1F998A2D00298BC4 /* NotificationsController.swift */; };
		4243FC421F998AB600298BC4 /* BecomeAChefController.swift in Sources */ = {isa = PBXBuildFile; fileRef = 4243FC411F998AB600298BC4 /* BecomeAChefController.swift */; };
		4243FC461F998ACF00298BC4 /* HelpController.swift in Sources */ = {isa = PBXBuildFile; fileRef = 4243FC451F998ACF00298BC4 /* HelpController.swift */; };
		4243FC481F998ADD00298BC4 /* SettingsController.swift in Sources */ = {isa = PBXBuildFile; fileRef = 4243FC471F998ADD00298BC4 /* SettingsController.swift */; };
		426FCC181F8FDF2B00DDE8F2 /* ExploreController.swift in Sources */ = {isa = PBXBuildFile; fileRef = 426FCC171F8FDF2B00DDE8F2 /* ExploreController.swift */; };
		426FCC1C1F8FDF9900DDE8F2 /* ProfileController.swift in Sources */ = {isa = PBXBuildFile; fileRef = 426FCC1B1F8FDF9900DDE8F2 /* ProfileController.swift */; };
		426FCC1E1F8FDFAA00DDE8F2 /* InboxController.swift in Sources */ = {isa = PBXBuildFile; fileRef = 426FCC1D1F8FDFAA00DDE8F2 /* InboxController.swift */; };
		426FCC201F8FDFC800DDE8F2 /* OrderController.swift in Sources */ = {isa = PBXBuildFile; fileRef = 426FCC1F1F8FDFC800DDE8F2 /* OrderController.swift */; };
		428FBCCC1F8E917F004E82DE /* AppDelegate.swift in Sources */ = {isa = PBXBuildFile; fileRef = 428FBCCB1F8E917F004E82DE /* AppDelegate.swift */; };
		428FBCCE1F8E917F004E82DE /* ViewController.swift in Sources */ = {isa = PBXBuildFile; fileRef = 428FBCCD1F8E917F004E82DE /* ViewController.swift */; };
		428FBCD11F8E917F004E82DE /* Main.storyboard in Resources */ = {isa = PBXBuildFile; fileRef = 428FBCCF1F8E917F004E82DE /* Main.storyboard */; };
		428FBCD31F8E917F004E82DE /* Assets.xcassets in Resources */ = {isa = PBXBuildFile; fileRef = 428FBCD21F8E917F004E82DE /* Assets.xcassets */; };
		428FBCD61F8E917F004E82DE /* LaunchScreen.storyboard in Resources */ = {isa = PBXBuildFile; fileRef = 428FBCD41F8E917F004E82DE /* LaunchScreen.storyboard */; };
		428FBCE21F8E96F4004E82DE /* LoginController.swift in Sources */ = {isa = PBXBuildFile; fileRef = 428FBCE11F8E96F4004E82DE /* LoginController.swift */; };
		428FBCE31F8EA3E2004E82DE /* GoogleService-Info.plist in Resources */ = {isa = PBXBuildFile; fileRef = 428FBCDD1F8E92B0004E82DE /* GoogleService-Info.plist */; };
		42DD64211F984D2D007487B9 /* FBSDKCoreKit.framework in Frameworks */ = {isa = PBXBuildFile; fileRef = 42DD64241F984D2E007487B9 /* FBSDKCoreKit.framework */; };
		42DD64221F984D2E007487B9 /* FBSDKLoginKit.framework in Frameworks */ = {isa = PBXBuildFile; fileRef = 42DD64251F984D2E007487B9 /* FBSDKLoginKit.framework */; };
		42DD64231F984D2E007487B9 /* FBSDKShareKit.framework in Frameworks */ = {isa = PBXBuildFile; fileRef = 42DD64261F984D2E007487B9 /* FBSDKShareKit.framework */; };
		42DD64281F9946EF007487B9 /* IntroController.swift in Sources */ = {isa = PBXBuildFile; fileRef = 42DD64271F9946EF007487B9 /* IntroController.swift */; };
		64F0A8B81FA978B3009D57CF /* NewMessageController.swift in Sources */ = {isa = PBXBuildFile; fileRef = 64F0A8B71FA978B3009D57CF /* NewMessageController.swift */; };
		64F0A8BF1FA99804009D57CF /* user.swift in Sources */ = {isa = PBXBuildFile; fileRef = 64F0A8BE1FA99804009D57CF /* user.swift */; };
		64F0A8C11FAA317D009D57CF /* ChatLogController.swift in Sources */ = {isa = PBXBuildFile; fileRef = 64F0A8C01FAA317D009D57CF /* ChatLogController.swift */; };
/* End PBXBuildFile section */

/* Begin PBXFileReference section */
		40E3CA73F5352F70CE805D0C /* Pods-eatin.release.xcconfig */ = {isa = PBXFileReference; includeInIndex = 1; lastKnownFileType = text.xcconfig; name = "Pods-eatin.release.xcconfig"; path = "Pods/Target Support Files/Pods-eatin/Pods-eatin.release.xcconfig"; sourceTree = "<group>"; };
		4224EC1B1F9F9801003B5F11 /* ChefMenuController.swift */ = {isa = PBXFileReference; lastKnownFileType = sourcecode.swift; path = ChefMenuController.swift; sourceTree = "<group>"; };
		4224EC1D1F9FE2FF003B5F11 /* AddMenuItemController.swift */ = {isa = PBXFileReference; lastKnownFileType = sourcecode.swift; path = AddMenuItemController.swift; sourceTree = "<group>"; };
		4243FC3D1F9983A700298BC4 /* UserProfileController.swift */ = {isa = PBXFileReference; lastKnownFileType = sourcecode.swift; path = UserProfileController.swift; sourceTree = "<group>"; };
		4243FC3F1F998A2D00298BC4 /* NotificationsController.swift */ = {isa = PBXFileReference; lastKnownFileType = sourcecode.swift; path = NotificationsController.swift; sourceTree = "<group>"; };
		4243FC411F998AB600298BC4 /* BecomeAChefController.swift */ = {isa = PBXFileReference; lastKnownFileType = sourcecode.swift; path = BecomeAChefController.swift; sourceTree = "<group>"; };
		4243FC451F998ACF00298BC4 /* HelpController.swift */ = {isa = PBXFileReference; lastKnownFileType = sourcecode.swift; path = HelpController.swift; sourceTree = "<group>"; };
		4243FC471F998ADD00298BC4 /* SettingsController.swift */ = {isa = PBXFileReference; lastKnownFileType = sourcecode.swift; path = SettingsController.swift; sourceTree = "<group>"; };
		426FCC171F8FDF2B00DDE8F2 /* ExploreController.swift */ = {isa = PBXFileReference; lastKnownFileType = sourcecode.swift; path = ExploreController.swift; sourceTree = "<group>"; };
		426FCC1B1F8FDF9900DDE8F2 /* ProfileController.swift */ = {isa = PBXFileReference; lastKnownFileType = sourcecode.swift; path = ProfileController.swift; sourceTree = "<group>"; };
		426FCC1D1F8FDFAA00DDE8F2 /* InboxController.swift */ = {isa = PBXFileReference; lastKnownFileType = sourcecode.swift; path = InboxController.swift; sourceTree = "<group>"; };
		426FCC1F1F8FDFC800DDE8F2 /* OrderController.swift */ = {isa = PBXFileReference; lastKnownFileType = sourcecode.swift; path = OrderController.swift; sourceTree = "<group>"; };
		428FBCC81F8E917F004E82DE /* eatin.app */ = {isa = PBXFileReference; explicitFileType = wrapper.application; includeInIndex = 0; path = eatin.app; sourceTree = BUILT_PRODUCTS_DIR; };
		428FBCCB1F8E917F004E82DE /* AppDelegate.swift */ = {isa = PBXFileReference; lastKnownFileType = sourcecode.swift; path = AppDelegate.swift; sourceTree = "<group>"; };
		428FBCCD1F8E917F004E82DE /* ViewController.swift */ = {isa = PBXFileReference; lastKnownFileType = sourcecode.swift; path = ViewController.swift; sourceTree = "<group>"; };
		428FBCD01F8E917F004E82DE /* Base */ = {isa = PBXFileReference; lastKnownFileType = file.storyboard; name = Base; path = Base.lproj/Main.storyboard; sourceTree = "<group>"; };
		428FBCD21F8E917F004E82DE /* Assets.xcassets */ = {isa = PBXFileReference; lastKnownFileType = folder.assetcatalog; path = Assets.xcassets; sourceTree = "<group>"; };
		428FBCD51F8E917F004E82DE /* Base */ = {isa = PBXFileReference; lastKnownFileType = file.storyboard; name = Base; path = Base.lproj/LaunchScreen.storyboard; sourceTree = "<group>"; };
		428FBCD71F8E917F004E82DE /* Info.plist */ = {isa = PBXFileReference; lastKnownFileType = text.plist.xml; path = Info.plist; sourceTree = "<group>"; };
		428FBCDD1F8E92B0004E82DE /* GoogleService-Info.plist */ = {isa = PBXFileReference; lastKnownFileType = text.plist.xml; path = "GoogleService-Info.plist"; sourceTree = "<group>"; };
		428FBCE11F8E96F4004E82DE /* LoginController.swift */ = {isa = PBXFileReference; lastKnownFileType = sourcecode.swift; path = LoginController.swift; sourceTree = "<group>"; };
		42DD64241F984D2E007487B9 /* FBSDKCoreKit.framework */ = {isa = PBXFileReference; explicitFileType = wrapper.framework; path = FBSDKCoreKit.framework; sourceTree = BUILT_PRODUCTS_DIR; };
		42DD64251F984D2E007487B9 /* FBSDKLoginKit.framework */ = {isa = PBXFileReference; explicitFileType = wrapper.framework; path = FBSDKLoginKit.framework; sourceTree = BUILT_PRODUCTS_DIR; };
		42DD64261F984D2E007487B9 /* FBSDKShareKit.framework */ = {isa = PBXFileReference; explicitFileType = wrapper.framework; path = FBSDKShareKit.framework; sourceTree = BUILT_PRODUCTS_DIR; };
		42DD64271F9946EF007487B9 /* IntroController.swift */ = {isa = PBXFileReference; lastKnownFileType = sourcecode.swift; path = IntroController.swift; sourceTree = "<group>"; };
		64F0A8B71FA978B3009D57CF /* NewMessageController.swift */ = {isa = PBXFileReference; lastKnownFileType = sourcecode.swift; path = NewMessageController.swift; sourceTree = "<group>"; };
		64F0A8BE1FA99804009D57CF /* user.swift */ = {isa = PBXFileReference; lastKnownFileType = sourcecode.swift; path = user.swift; sourceTree = "<group>"; };
		64F0A8C01FAA317D009D57CF /* ChatLogController.swift */ = {isa = PBXFileReference; lastKnownFileType = sourcecode.swift; path = ChatLogController.swift; sourceTree = "<group>"; };
		686F2035FEAEED40B82E2812 /* Pods_eatin.framework */ = {isa = PBXFileReference; explicitFileType = wrapper.framework; includeInIndex = 0; path = Pods_eatin.framework; sourceTree = BUILT_PRODUCTS_DIR; };
		860F9A01FDCB9B7D872F6020 /* Pods-eatin.debug.xcconfig */ = {isa = PBXFileReference; includeInIndex = 1; lastKnownFileType = text.xcconfig; name = "Pods-eatin.debug.xcconfig"; path = "Pods/Target Support Files/Pods-eatin/Pods-eatin.debug.xcconfig"; sourceTree = "<group>"; };
/* End PBXFileReference section */

/* Begin PBXFrameworksBuildPhase section */
		428FBCC51F8E917F004E82DE /* Frameworks */ = {
			isa = PBXFrameworksBuildPhase;
			buildActionMask = 2147483647;
			files = (
				42DD64211F984D2D007487B9 /* FBSDKCoreKit.framework in Frameworks */,
				42DD64221F984D2E007487B9 /* FBSDKLoginKit.framework in Frameworks */,
				42DD64231F984D2E007487B9 /* FBSDKShareKit.framework in Frameworks */,
				379F76E5CB188E8CD8A8371C /* Pods_eatin.framework in Frameworks */,
			);
			runOnlyForDeploymentPostprocessing = 0;
		};
/* End PBXFrameworksBuildPhase section */

/* Begin PBXGroup section */
		42120E391F9B8B9300F8B976 /* HelperMethods */ = {
			isa = PBXGroup;
			children = (
			);
			path = HelperMethods;
			sourceTree = "<group>";
		};
		4243FC3C1F99838D00298BC4 /* ProfileControllers */ = {
			isa = PBXGroup;
			children = (
				4243FC3D1F9983A700298BC4 /* UserProfileController.swift */,
				4243FC3F1F998A2D00298BC4 /* NotificationsController.swift */,
				4243FC411F998AB600298BC4 /* BecomeAChefController.swift */,
				4243FC451F998ACF00298BC4 /* HelpController.swift */,
				4243FC471F998ADD00298BC4 /* SettingsController.swift */,
				4224EC1B1F9F9801003B5F11 /* ChefMenuController.swift */,
				4224EC1D1F9FE2FF003B5F11 /* AddMenuItemController.swift */,
			);
			path = ProfileControllers;
			sourceTree = "<group>";
		};
		428FBCBF1F8E917F004E82DE = {
			isa = PBXGroup;
			children = (
				428FBCCA1F8E917F004E82DE /* eatin */,
				428FBCC91F8E917F004E82DE /* Products */,
				F3BE7F392787ABF3C37D3D53 /* Pods */,
				E4CE50F0DF394369E8EAB3B8 /* Frameworks */,
			);
			sourceTree = "<group>";
		};
		428FBCC91F8E917F004E82DE /* Products */ = {
			isa = PBXGroup;
			children = (
				428FBCC81F8E917F004E82DE /* eatin.app */,
			);
			name = Products;
			sourceTree = "<group>";
		};
		428FBCCA1F8E917F004E82DE /* eatin */ = {
			isa = PBXGroup;
			children = (
				64F0A8B91FA99639009D57CF /* Model */,
				428FBCDE1F8E9697004E82DE /* Controller */,
				428FBCCB1F8E917F004E82DE /* AppDelegate.swift */,
				428FBCCF1F8E917F004E82DE /* Main.storyboard */,
				428FBCD21F8E917F004E82DE /* Assets.xcassets */,
				428FBCD41F8E917F004E82DE /* LaunchScreen.storyboard */,
				428FBCDD1F8E92B0004E82DE /* GoogleService-Info.plist */,
				428FBCD71F8E917F004E82DE /* Info.plist */,
			);
			path = eatin;
			sourceTree = "<group>";
		};
		428FBCDE1F8E9697004E82DE /* Controller */ = {
			isa = PBXGroup;
			children = (
				42120E391F9B8B9300F8B976 /* HelperMethods */,
				4243FC3C1F99838D00298BC4 /* ProfileControllers */,
				428FBCCD1F8E917F004E82DE /* ViewController.swift */,
				428FBCE11F8E96F4004E82DE /* LoginController.swift */,
				426FCC171F8FDF2B00DDE8F2 /* ExploreController.swift */,
				426FCC1F1F8FDFC800DDE8F2 /* OrderController.swift */,
				426FCC1D1F8FDFAA00DDE8F2 /* InboxController.swift */,
				426FCC1B1F8FDF9900DDE8F2 /* ProfileController.swift */,
				42DD64271F9946EF007487B9 /* IntroController.swift */,
				64F0A8B71FA978B3009D57CF /* NewMessageController.swift */,
				64F0A8C01FAA317D009D57CF /* ChatLogController.swift */,
			);
			path = Controller;
			sourceTree = "<group>";
		};
		64F0A8B91FA99639009D57CF /* Model */ = {
			isa = PBXGroup;
			children = (
				64F0A8BE1FA99804009D57CF /* user.swift */,
			);
			path = Model;
			sourceTree = "<group>";
		};
		E4CE50F0DF394369E8EAB3B8 /* Frameworks */ = {
			isa = PBXGroup;
			children = (
				42DD64241F984D2E007487B9 /* FBSDKCoreKit.framework */,
				42DD64251F984D2E007487B9 /* FBSDKLoginKit.framework */,
				42DD64261F984D2E007487B9 /* FBSDKShareKit.framework */,
				686F2035FEAEED40B82E2812 /* Pods_eatin.framework */,
			);
			name = Frameworks;
			sourceTree = "<group>";
		};
		F3BE7F392787ABF3C37D3D53 /* Pods */ = {
			isa = PBXGroup;
			children = (
				860F9A01FDCB9B7D872F6020 /* Pods-eatin.debug.xcconfig */,
				40E3CA73F5352F70CE805D0C /* Pods-eatin.release.xcconfig */,
			);
			name = Pods;
			sourceTree = "<group>";
		};
/* End PBXGroup section */

/* Begin PBXNativeTarget section */
		428FBCC71F8E917F004E82DE /* eatin */ = {
			isa = PBXNativeTarget;
			buildConfigurationList = 428FBCDA1F8E917F004E82DE /* Build configuration list for PBXNativeTarget "eatin" */;
			buildPhases = (
				73DBD51C2BE709D8E46A749B /* [CP] Check Pods Manifest.lock */,
				428FBCC41F8E917F004E82DE /* Sources */,
				428FBCC51F8E917F004E82DE /* Frameworks */,
				428FBCC61F8E917F004E82DE /* Resources */,
				54926031989A209029F56047 /* [CP] Embed Pods Frameworks */,
				FC72951CFF98E2DF0CCC28BA /* [CP] Copy Pods Resources */,
			);
			buildRules = (
			);
			dependencies = (
			);
			name = eatin;
			productName = eatin;
			productReference = 428FBCC81F8E917F004E82DE /* eatin.app */;
			productType = "com.apple.product-type.application";
		};
/* End PBXNativeTarget section */

/* Begin PBXProject section */
		428FBCC01F8E917F004E82DE /* Project object */ = {
			isa = PBXProject;
			attributes = {
				LastSwiftUpdateCheck = 0900;
				LastUpgradeCheck = 0900;
				ORGANIZATIONNAME = CS275;
				TargetAttributes = {
					428FBCC71F8E917F004E82DE = {
						CreatedOnToolsVersion = 9.0;
						ProvisioningStyle = Automatic;
					};
				};
			};
			buildConfigurationList = 428FBCC31F8E917F004E82DE /* Build configuration list for PBXProject "eatin" */;
			compatibilityVersion = "Xcode 8.0";
			developmentRegion = en;
			hasScannedForEncodings = 0;
			knownRegions = (
				en,
				Base,
			);
			mainGroup = 428FBCBF1F8E917F004E82DE;
			productRefGroup = 428FBCC91F8E917F004E82DE /* Products */;
			projectDirPath = "";
			projectRoot = "";
			targets = (
				428FBCC71F8E917F004E82DE /* eatin */,
			);
		};
/* End PBXProject section */

/* Begin PBXResourcesBuildPhase section */
		428FBCC61F8E917F004E82DE /* Resources */ = {
			isa = PBXResourcesBuildPhase;
			buildActionMask = 2147483647;
			files = (
				428FBCD61F8E917F004E82DE /* LaunchScreen.storyboard in Resources */,
				428FBCE31F8EA3E2004E82DE /* GoogleService-Info.plist in Resources */,
				428FBCD31F8E917F004E82DE /* Assets.xcassets in Resources */,
				428FBCD11F8E917F004E82DE /* Main.storyboard in Resources */,
			);
			runOnlyForDeploymentPostprocessing = 0;
		};
/* End PBXResourcesBuildPhase section */

/* Begin PBXShellScriptBuildPhase section */
		54926031989A209029F56047 /* [CP] Embed Pods Frameworks */ = {
			isa = PBXShellScriptBuildPhase;
			buildActionMask = 2147483647;
			files = (
			);
			inputPaths = (
				"${SRCROOT}/Pods/Target Support Files/Pods-eatin/Pods-eatin-frameworks.sh",
				"${BUILT_PRODUCTS_DIR}/Bolts/Bolts.framework",
				"${BUILT_PRODUCTS_DIR}/FBSDKCoreKit/FBSDKCoreKit.framework",
				"${BUILT_PRODUCTS_DIR}/FBSDKLoginKit/FBSDKLoginKit.framework",
				"${BUILT_PRODUCTS_DIR}/FBSDKShareKit/FBSDKShareKit.framework",
				"${BUILT_PRODUCTS_DIR}/GTMSessionFetcher/GTMSessionFetcher.framework",
				"${BUILT_PRODUCTS_DIR}/GoogleToolboxForMac/GoogleToolboxForMac.framework",
				"${BUILT_PRODUCTS_DIR}/leveldb-library/leveldb.framework",
				"${BUILT_PRODUCTS_DIR}/nanopb/nanopb.framework",
			);
			name = "[CP] Embed Pods Frameworks";
			outputPaths = (
				"${TARGET_BUILD_DIR}/${FRAMEWORKS_FOLDER_PATH}/Bolts.framework",
				"${TARGET_BUILD_DIR}/${FRAMEWORKS_FOLDER_PATH}/FBSDKCoreKit.framework",
				"${TARGET_BUILD_DIR}/${FRAMEWORKS_FOLDER_PATH}/FBSDKLoginKit.framework",
				"${TARGET_BUILD_DIR}/${FRAMEWORKS_FOLDER_PATH}/FBSDKShareKit.framework",
				"${TARGET_BUILD_DIR}/${FRAMEWORKS_FOLDER_PATH}/GTMSessionFetcher.framework",
				"${TARGET_BUILD_DIR}/${FRAMEWORKS_FOLDER_PATH}/GoogleToolboxForMac.framework",
				"${TARGET_BUILD_DIR}/${FRAMEWORKS_FOLDER_PATH}/leveldb.framework",
				"${TARGET_BUILD_DIR}/${FRAMEWORKS_FOLDER_PATH}/nanopb.framework",
			);
			runOnlyForDeploymentPostprocessing = 0;
			shellPath = /bin/sh;
			shellScript = "\"${SRCROOT}/Pods/Target Support Files/Pods-eatin/Pods-eatin-frameworks.sh\"\n";
			showEnvVarsInLog = 0;
		};
		73DBD51C2BE709D8E46A749B /* [CP] Check Pods Manifest.lock */ = {
			isa = PBXShellScriptBuildPhase;
			buildActionMask = 2147483647;
			files = (
			);
			inputPaths = (
				"${PODS_PODFILE_DIR_PATH}/Podfile.lock",
				"${PODS_ROOT}/Manifest.lock",
			);
			name = "[CP] Check Pods Manifest.lock";
			outputPaths = (
				"$(DERIVED_FILE_DIR)/Pods-eatin-checkManifestLockResult.txt",
			);
			runOnlyForDeploymentPostprocessing = 0;
			shellPath = /bin/sh;
			shellScript = "diff \"${PODS_PODFILE_DIR_PATH}/Podfile.lock\" \"${PODS_ROOT}/Manifest.lock\" > /dev/null\nif [ $? != 0 ] ; then\n    # print error to STDERR\n    echo \"error: The sandbox is not in sync with the Podfile.lock. Run 'pod install' or update your CocoaPods installation.\" >&2\n    exit 1\nfi\n# This output is used by Xcode 'outputs' to avoid re-running this script phase.\necho \"SUCCESS\" > \"${SCRIPT_OUTPUT_FILE_0}\"\n";
			showEnvVarsInLog = 0;
		};
		FC72951CFF98E2DF0CCC28BA /* [CP] Copy Pods Resources */ = {
			isa = PBXShellScriptBuildPhase;
			buildActionMask = 2147483647;
			files = (
			);
			inputPaths = (
				"${SRCROOT}/Pods/Target Support Files/Pods-eatin/Pods-eatin-resources.sh",
				"${PODS_ROOT}/FBSDKCoreKit/FacebookSDKStrings.bundle",
			);
			name = "[CP] Copy Pods Resources";
			outputPaths = (
				"${TARGET_BUILD_DIR}/${UNLOCALIZED_RESOURCES_FOLDER_PATH}",
			);
			runOnlyForDeploymentPostprocessing = 0;
			shellPath = /bin/sh;
			shellScript = "\"${SRCROOT}/Pods/Target Support Files/Pods-eatin/Pods-eatin-resources.sh\"\n";
			showEnvVarsInLog = 0;
		};
/* End PBXShellScriptBuildPhase section */

/* Begin PBXSourcesBuildPhase section */
		428FBCC41F8E917F004E82DE /* Sources */ = {
			isa = PBXSourcesBuildPhase;
			buildActionMask = 2147483647;
			files = (
				428FBCCE1F8E917F004E82DE /* ViewController.swift in Sources */,
				426FCC1E1F8FDFAA00DDE8F2 /* InboxController.swift in Sources */,
				64F0A8C11FAA317D009D57CF /* ChatLogController.swift in Sources */,
				4224EC1C1F9F9801003B5F11 /* ChefMenuController.swift in Sources */,
				42DD64281F9946EF007487B9 /* IntroController.swift in Sources */,
				426FCC181F8FDF2B00DDE8F2 /* ExploreController.swift in Sources */,
				4243FC481F998ADD00298BC4 /* SettingsController.swift in Sources */,
				4224EC1E1F9FE2FF003B5F11 /* AddMenuItemController.swift in Sources */,
				428FBCE21F8E96F4004E82DE /* LoginController.swift in Sources */,
				428FBCCC1F8E917F004E82DE /* AppDelegate.swift in Sources */,
				4243FC461F998ACF00298BC4 /* HelpController.swift in Sources */,
				426FCC1C1F8FDF9900DDE8F2 /* ProfileController.swift in Sources */,
				4243FC421F998AB600298BC4 /* BecomeAChefController.swift in Sources */,
				64F0A8B81FA978B3009D57CF /* NewMessageController.swift in Sources */,
				64F0A8BF1FA99804009D57CF /* user.swift in Sources */,
				4243FC401F998A2D00298BC4 /* NotificationsController.swift in Sources */,
				4243FC3E1F9983A700298BC4 /* UserProfileController.swift in Sources */,
				426FCC201F8FDFC800DDE8F2 /* OrderController.swift in Sources */,
			);
			runOnlyForDeploymentPostprocessing = 0;
		};
/* End PBXSourcesBuildPhase section */

/* Begin PBXVariantGroup section */
		428FBCCF1F8E917F004E82DE /* Main.storyboard */ = {
			isa = PBXVariantGroup;
			children = (
				428FBCD01F8E917F004E82DE /* Base */,
			);
			name = Main.storyboard;
			sourceTree = "<group>";
		};
		428FBCD41F8E917F004E82DE /* LaunchScreen.storyboard */ = {
			isa = PBXVariantGroup;
			children = (
				428FBCD51F8E917F004E82DE /* Base */,
			);
			name = LaunchScreen.storyboard;
			sourceTree = "<group>";
		};
/* End PBXVariantGroup section */

/* Begin XCBuildConfiguration section */
		428FBCD81F8E917F004E82DE /* Debug */ = {
			isa = XCBuildConfiguration;
			buildSettings = {
				ALWAYS_SEARCH_USER_PATHS = NO;
				CLANG_ANALYZER_NONNULL = YES;
				CLANG_ANALYZER_NUMBER_OBJECT_CONVERSION = YES_AGGRESSIVE;
				CLANG_CXX_LANGUAGE_STANDARD = "gnu++14";
				CLANG_CXX_LIBRARY = "libc++";
				CLANG_ENABLE_MODULES = YES;
				CLANG_ENABLE_OBJC_ARC = YES;
				CLANG_WARN_BLOCK_CAPTURE_AUTORELEASING = YES;
				CLANG_WARN_BOOL_CONVERSION = YES;
				CLANG_WARN_COMMA = YES;
				CLANG_WARN_CONSTANT_CONVERSION = YES;
				CLANG_WARN_DIRECT_OBJC_ISA_USAGE = YES_ERROR;
				CLANG_WARN_DOCUMENTATION_COMMENTS = YES;
				CLANG_WARN_EMPTY_BODY = YES;
				CLANG_WARN_ENUM_CONVERSION = YES;
				CLANG_WARN_INFINITE_RECURSION = YES;
				CLANG_WARN_INT_CONVERSION = YES;
				CLANG_WARN_NON_LITERAL_NULL_CONVERSION = YES;
				CLANG_WARN_OBJC_LITERAL_CONVERSION = YES;
				CLANG_WARN_OBJC_ROOT_CLASS = YES_ERROR;
				CLANG_WARN_RANGE_LOOP_ANALYSIS = YES;
				CLANG_WARN_STRICT_PROTOTYPES = YES;
				CLANG_WARN_SUSPICIOUS_MOVE = YES;
				CLANG_WARN_UNGUARDED_AVAILABILITY = YES_AGGRESSIVE;
				CLANG_WARN_UNREACHABLE_CODE = YES;
				CLANG_WARN__DUPLICATE_METHOD_MATCH = YES;
				CODE_SIGN_IDENTITY = "iPhone Developer";
				COPY_PHASE_STRIP = NO;
				DEBUG_INFORMATION_FORMAT = dwarf;
				ENABLE_STRICT_OBJC_MSGSEND = YES;
				ENABLE_TESTABILITY = YES;
				GCC_C_LANGUAGE_STANDARD = gnu11;
				GCC_DYNAMIC_NO_PIC = NO;
				GCC_NO_COMMON_BLOCKS = YES;
				GCC_OPTIMIZATION_LEVEL = 0;
				GCC_PREPROCESSOR_DEFINITIONS = (
					"DEBUG=1",
					"$(inherited)",
				);
				GCC_WARN_64_TO_32_BIT_CONVERSION = YES;
				GCC_WARN_ABOUT_RETURN_TYPE = YES_ERROR;
				GCC_WARN_UNDECLARED_SELECTOR = YES;
				GCC_WARN_UNINITIALIZED_AUTOS = YES_AGGRESSIVE;
				GCC_WARN_UNUSED_FUNCTION = YES;
				GCC_WARN_UNUSED_VARIABLE = YES;
				IPHONEOS_DEPLOYMENT_TARGET = 11.0;
				MTL_ENABLE_DEBUG_INFO = YES;
				ONLY_ACTIVE_ARCH = YES;
				SDKROOT = iphoneos;
				SWIFT_ACTIVE_COMPILATION_CONDITIONS = DEBUG;
				SWIFT_OPTIMIZATION_LEVEL = "-Onone";
			};
			name = Debug;
		};
		428FBCD91F8E917F004E82DE /* Release */ = {
			isa = XCBuildConfiguration;
			buildSettings = {
				ALWAYS_SEARCH_USER_PATHS = NO;
				CLANG_ANALYZER_NONNULL = YES;
				CLANG_ANALYZER_NUMBER_OBJECT_CONVERSION = YES_AGGRESSIVE;
				CLANG_CXX_LANGUAGE_STANDARD = "gnu++14";
				CLANG_CXX_LIBRARY = "libc++";
				CLANG_ENABLE_MODULES = YES;
				CLANG_ENABLE_OBJC_ARC = YES;
				CLANG_WARN_BLOCK_CAPTURE_AUTORELEASING = YES;
				CLANG_WARN_BOOL_CONVERSION = YES;
				CLANG_WARN_COMMA = YES;
				CLANG_WARN_CONSTANT_CONVERSION = YES;
				CLANG_WARN_DIRECT_OBJC_ISA_USAGE = YES_ERROR;
				CLANG_WARN_DOCUMENTATION_COMMENTS = YES;
				CLANG_WARN_EMPTY_BODY = YES;
				CLANG_WARN_ENUM_CONVERSION = YES;
				CLANG_WARN_INFINITE_RECURSION = YES;
				CLANG_WARN_INT_CONVERSION = YES;
				CLANG_WARN_NON_LITERAL_NULL_CONVERSION = YES;
				CLANG_WARN_OBJC_LITERAL_CONVERSION = YES;
				CLANG_WARN_OBJC_ROOT_CLASS = YES_ERROR;
				CLANG_WARN_RANGE_LOOP_ANALYSIS = YES;
				CLANG_WARN_STRICT_PROTOTYPES = YES;
				CLANG_WARN_SUSPICIOUS_MOVE = YES;
				CLANG_WARN_UNGUARDED_AVAILABILITY = YES_AGGRESSIVE;
				CLANG_WARN_UNREACHABLE_CODE = YES;
				CLANG_WARN__DUPLICATE_METHOD_MATCH = YES;
				CODE_SIGN_IDENTITY = "iPhone Developer";
				COPY_PHASE_STRIP = NO;
				DEBUG_INFORMATION_FORMAT = "dwarf-with-dsym";
				ENABLE_NS_ASSERTIONS = NO;
				ENABLE_STRICT_OBJC_MSGSEND = YES;
				GCC_C_LANGUAGE_STANDARD = gnu11;
				GCC_NO_COMMON_BLOCKS = YES;
				GCC_WARN_64_TO_32_BIT_CONVERSION = YES;
				GCC_WARN_ABOUT_RETURN_TYPE = YES_ERROR;
				GCC_WARN_UNDECLARED_SELECTOR = YES;
				GCC_WARN_UNINITIALIZED_AUTOS = YES_AGGRESSIVE;
				GCC_WARN_UNUSED_FUNCTION = YES;
				GCC_WARN_UNUSED_VARIABLE = YES;
				IPHONEOS_DEPLOYMENT_TARGET = 11.0;
				MTL_ENABLE_DEBUG_INFO = NO;
				SDKROOT = iphoneos;
				SWIFT_OPTIMIZATION_LEVEL = "-Owholemodule";
				VALIDATE_PRODUCT = YES;
			};
			name = Release;
		};
		428FBCDB1F8E917F004E82DE /* Debug */ = {
			isa = XCBuildConfiguration;
			baseConfigurationReference = 860F9A01FDCB9B7D872F6020 /* Pods-eatin.debug.xcconfig */;
			buildSettings = {
				ASSETCATALOG_COMPILER_APPICON_NAME = AppIcon;
				CODE_SIGN_STYLE = Automatic;
				FRAMEWORK_SEARCH_PATHS = (
					"$(inherited)",
					"$(PROJECT_DIR)",
				);
				INFOPLIST_FILE = eatin/Info.plist;
				LD_RUNPATH_SEARCH_PATHS = "$(inherited) @executable_path/Frameworks";
				PRODUCT_BUNDLE_IDENTIFIER = com.eatin.eatin;
				PRODUCT_NAME = "$(TARGET_NAME)";
				SWIFT_OBJC_BRIDGING_HEADER = "";
				SWIFT_VERSION = 4.0;
				TARGETED_DEVICE_FAMILY = "1,2";
			};
			name = Debug;
		};
		428FBCDC1F8E917F004E82DE /* Release */ = {
			isa = XCBuildConfiguration;
			baseConfigurationReference = 40E3CA73F5352F70CE805D0C /* Pods-eatin.release.xcconfig */;
			buildSettings = {
				ASSETCATALOG_COMPILER_APPICON_NAME = AppIcon;
				CODE_SIGN_STYLE = Automatic;
				FRAMEWORK_SEARCH_PATHS = (
					"$(inherited)",
					"$(PROJECT_DIR)",
				);
				INFOPLIST_FILE = eatin/Info.plist;
				LD_RUNPATH_SEARCH_PATHS = "$(inherited) @executable_path/Frameworks";
				PRODUCT_BUNDLE_IDENTIFIER = com.eatin.eatin;
				PRODUCT_NAME = "$(TARGET_NAME)";
				SWIFT_OBJC_BRIDGING_HEADER = "";
				SWIFT_VERSION = 4.0;
				TARGETED_DEVICE_FAMILY = "1,2";
			};
			name = Release;
		};
/* End XCBuildConfiguration section */

/* Begin XCConfigurationList section */
		428FBCC31F8E917F004E82DE /* Build configuration list for PBXProject "eatin" */ = {
			isa = XCConfigurationList;
			buildConfigurations = (
				428FBCD81F8E917F004E82DE /* Debug */,
				428FBCD91F8E917F004E82DE /* Release */,
			);
			defaultConfigurationIsVisible = 0;
			defaultConfigurationName = Release;
		};
		428FBCDA1F8E917F004E82DE /* Build configuration list for PBXNativeTarget "eatin" */ = {
			isa = XCConfigurationList;
			buildConfigurations = (
				428FBCDB1F8E917F004E82DE /* Debug */,
				428FBCDC1F8E917F004E82DE /* Release */,
			);
			defaultConfigurationIsVisible = 0;
			defaultConfigurationName = Release;
		};
/* End XCConfigurationList section */
	};
	rootObject = 428FBCC01F8E917F004E82DE /* Project object */;
}
